
Microsoft Visual Studio Solution File, Format Version 12.00
# Visual Studio Version 17
VisualStudioVersion = 17.3.32901.215
MinimumVisualStudioVersion = 10.0.40219.1
Project("{2150E333-8FDC-42A3-9474-1A3956D46DE8}") = "src", "src", "{D7F837D9-B9B0-4653-8647-C0E957F01677}"
EndProject
Project("{9A19103F-16F7-4668-BE54-9A1E7A4F7556}") = "ApplicationCore", "src\ApplicationCore\ApplicationCore.csproj", "{B157FB27-7D6D-4DDF-B58B-55FC8BC82A2A}"
EndProject
Project("{9A19103F-16F7-4668-BE54-9A1E7A4F7556}") = "PublicApi", "src\PublicApi\PublicApi.csproj", "{70D9DE55-94FE-41D6-9FF3-9F29388A97B8}"
EndProject
Project("{FAE04EC0-301F-11D3-BF4B-00C04F79EFBC}") = "PublicAPI.Test", "PublicAPI.Test\PublicAPI.Test.csproj", "{C961FB59-8295-404B-A7A4-10B3CD28881E}"
EndProject
Global
	GlobalSection(SolutionConfigurationPlatforms) = preSolution
		Debug|Any CPU = Debug|Any CPU
		Release|Any CPU = Release|Any CPU
	EndGlobalSection
	GlobalSection(ProjectConfigurationPlatforms) = postSolution
		{B157FB27-7D6D-4DDF-B58B-55FC8BC82A2A}.Debug|Any CPU.ActiveCfg = Debug|Any CPU
		{B157FB27-7D6D-4DDF-B58B-55FC8BC82A2A}.Debug|Any CPU.Build.0 = Debug|Any CPU
		{B157FB27-7D6D-4DDF-B58B-55FC8BC82A2A}.Release|Any CPU.ActiveCfg = Release|Any CPU
		{B157FB27-7D6D-4DDF-B58B-55FC8BC82A2A}.Release|Any CPU.Build.0 = Release|Any CPU
		{70D9DE55-94FE-41D6-9FF3-9F29388A97B8}.Debug|Any CPU.ActiveCfg = Debug|Any CPU
		{70D9DE55-94FE-41D6-9FF3-9F29388A97B8}.Debug|Any CPU.Build.0 = Debug|Any CPU
		{70D9DE55-94FE-41D6-9FF3-9F29388A97B8}.Release|Any CPU.ActiveCfg = Release|Any CPU
		{70D9DE55-94FE-41D6-9FF3-9F29388A97B8}.Release|Any CPU.Build.0 = Release|Any CPU
		{C961FB59-8295-404B-A7A4-10B3CD28881E}.Debug|Any CPU.ActiveCfg = Debug|Any CPU
		{C961FB59-8295-404B-A7A4-10B3CD28881E}.Debug|Any CPU.Build.0 = Debug|Any CPU
		{C961FB59-8295-404B-A7A4-10B3CD28881E}.Release|Any CPU.ActiveCfg = Release|Any CPU
		{C961FB59-8295-404B-A7A4-10B3CD28881E}.Release|Any CPU.Build.0 = Release|Any CPU
	EndGlobalSection
	GlobalSection(SolutionProperties) = preSolution
		HideSolutionNode = FALSE
	EndGlobalSection
	GlobalSection(NestedProjects) = preSolution
		{B157FB27-7D6D-4DDF-B58B-55FC8BC82A2A} = {D7F837D9-B9B0-4653-8647-C0E957F01677}
		{70D9DE55-94FE-41D6-9FF3-9F29388A97B8} = {D7F837D9-B9B0-4653-8647-C0E957F01677}
		{C961FB59-8295-404B-A7A4-10B3CD28881E} = {D7F837D9-B9B0-4653-8647-C0E957F01677}
	EndGlobalSection
	GlobalSection(ExtensibilityGlobals) = postSolution
		SolutionGuid = {C78821F6-F452-4B0B-885E-19A9D3543487}
	EndGlobalSection
EndGlobal
